
Microsoft Visual Studio Solution File, Format Version 12.00
# Visual Studio 15
VisualStudioVersion = 15.0.28307.757
MinimumVisualStudioVersion = 10.0.40219.1
Project("{9A19103F-16F7-4668-BE54-9A1E7A4F7556}") = "Epinova.Infrastructure", "src\Epinova.Infrastructure.csproj", "{F77FA9DA-C228-4257-8C66-B53650324B63}"
EndProject
Project("{9A19103F-16F7-4668-BE54-9A1E7A4F7556}") = "Epinova.InfrastructureTests", "tests\Epinova.InfrastructureTests.csproj", "{D4BA83D4-00BF-46D9-9231-A7FB07585052}"
EndProject
Project("{2150E333-8FDC-42A3-9474-1A3956D46DE8}") = "assets", "assets", "{F61BF310-FDB7-49FE-A371-16B94FEDEE92}"
	ProjectSection(SolutionItems) = preProject
		.gitignore = .gitignore
		appveyor.yml = appveyor.yml
		LICENSE = LICENSE
		nuget.config = nuget.config
		README.md = README.md
	EndProjectSection
EndProject
Global
	GlobalSection(SolutionConfigurationPlatforms) = preSolution
		Debug|Any CPU = Debug|Any CPU
		Release|Any CPU = Release|Any CPU
	EndGlobalSection
	GlobalSection(ProjectConfigurationPlatforms) = postSolution
		{F77FA9DA-C228-4257-8C66-B53650324B63}.Debug|Any CPU.ActiveCfg = Debug|Any CPU
		{F77FA9DA-C228-4257-8C66-B53650324B63}.Debug|Any CPU.Build.0 = Debug|Any CPU
		{F77FA9DA-C228-4257-8C66-B53650324B63}.Release|Any CPU.ActiveCfg = Release|Any CPU
		{F77FA9DA-C228-4257-8C66-B53650324B63}.Release|Any CPU.Build.0 = Release|Any CPU
		{D4BA83D4-00BF-46D9-9231-A7FB07585052}.Debug|Any CPU.ActiveCfg = Debug|Any CPU
		{D4BA83D4-00BF-46D9-9231-A7FB07585052}.Debug|Any CPU.Build.0 = Debug|Any CPU
		{D4BA83D4-00BF-46D9-9231-A7FB07585052}.Release|Any CPU.ActiveCfg = Release|Any CPU
		{D4BA83D4-00BF-46D9-9231-A7FB07585052}.Release|Any CPU.Build.0 = Release|Any CPU
	EndGlobalSection
	GlobalSection(SolutionProperties) = preSolution
		HideSolutionNode = FALSE
	EndGlobalSection
	GlobalSection(ExtensibilityGlobals) = postSolution
		SolutionGuid = {7D037705-4945-4805-8941-0CA9A7548AC8}
	EndGlobalSection
EndGlobal
